
Microsoft Visual Studio Solution File, Format Version 12.00
# Visual Studio Version 16
VisualStudioVersion = 16.0.30114.105
MinimumVisualStudioVersion = 10.0.40219.1
Project("{9A19103F-16F7-4668-BE54-9A1E7A4F7556}") = "Net.Core.Authentication", "Net.Core.Authentication\Net.Core.Authentication.csproj", "{271BFEB3-A94F-45D7-9965-7BC0C0EF122B}"
EndProject
Global
	GlobalSection(SolutionConfigurationPlatforms) = preSolution
		Debug|Any CPU = Debug|Any CPU
		Debug|x64 = Debug|x64
		Debug|x86 = Debug|x86
		Release|Any CPU = Release|Any CPU
		Release|x64 = Release|x64
		Release|x86 = Release|x86
	EndGlobalSection
	GlobalSection(ProjectConfigurationPlatforms) = postSolution
		{271BFEB3-A94F-45D7-9965-7BC0C0EF122B}.Debug|Any CPU.ActiveCfg = Debug|Any CPU
		{271BFEB3-A94F-45D7-9965-7BC0C0EF122B}.Debug|Any CPU.Build.0 = Debug|Any CPU
		{271BFEB3-A94F-45D7-9965-7BC0C0EF122B}.Debug|x64.ActiveCfg = Debug|Any CPU
		{271BFEB3-A94F-45D7-9965-7BC0C0EF122B}.Debug|x64.Build.0 = Debug|Any CPU
		{271BFEB3-A94F-45D7-9965-7BC0C0EF122B}.Debug|x86.ActiveCfg = Debug|Any CPU
		{271BFEB3-A94F-45D7-9965-7BC0C0EF122B}.Debug|x86.Build.0 = Debug|Any CPU
		{271BFEB3-A94F-45D7-9965-7BC0C0EF122B}.Release|Any CPU.ActiveCfg = Release|Any CPU
		{271BFEB3-A94F-45D7-9965-7BC0C0EF122B}.Release|Any CPU.Build.0 = Release|Any CPU
		{271BFEB3-A94F-45D7-9965-7BC0C0EF122B}.Release|x64.ActiveCfg = Release|Any CPU
		{271BFEB3-A94F-45D7-9965-7BC0C0EF122B}.Release|x64.Build.0 = Release|Any CPU
		{271BFEB3-A94F-45D7-9965-7BC0C0EF122B}.Release|x86.ActiveCfg = Release|Any CPU
		{271BFEB3-A94F-45D7-9965-7BC0C0EF122B}.Release|x86.Build.0 = Release|Any CPU
	EndGlobalSection
	GlobalSection(SolutionProperties) = preSolution
		HideSolutionNode = FALSE
	EndGlobalSection
	GlobalSection(ExtensibilityGlobals) = postSolution
		SolutionGuid = {4B017BBE-9E0F-457E-85C5-707D2FABAF44}
	EndGlobalSection
EndGlobal
